
Microsoft Visual Studio Solution File, Format Version 11.00
# Visual Studio 2010
Project("{FAE04EC0-301F-11D3-BF4B-00C04F79EFBC}") = "Zenject", "Zenject.csproj", "{53cb097f-80cf-2cad-42f7-81156ddcb9e4}"
EndProject
Project("{FAE04EC0-301F-11D3-BF4B-00C04F79EFBC}") = "pdutils", "pdutils.csproj", "{67d5f1cc-b762-6930-e7dd-03bbf74d2810}"
EndProject
Project("{FAE04EC0-301F-11D3-BF4B-00C04F79EFBC}") = "UniRx", "UniRx.csproj", "{1b2da323-7785-e63b-375c-be35c7cad0b2}"
EndProject
Project("{FAE04EC0-301F-11D3-BF4B-00C04F79EFBC}") = "Assembly-CSharp", "Assembly-CSharp.csproj", "{32888bb7-e0f4-3814-8c76-6dd40a959263}"
EndProject
Project("{FAE04EC0-301F-11D3-BF4B-00C04F79EFBC}") = "Assembly-CSharp-firstpass", "Assembly-CSharp-firstpass.csproj", "{3b3e5489-3b92-7835-9207-1a22c20b5866}"
EndProject
Project("{FAE04EC0-301F-11D3-BF4B-00C04F79EFBC}") = "Zenject-IntegrationTests", "Zenject-IntegrationTests.csproj", "{1f913c95-4dcd-0c22-d4b7-26e7b9252235}"
EndProject
Project("{FAE04EC0-301F-11D3-BF4B-00C04F79EFBC}") = "Zenject-IntegrationTests-Editor", "Zenject-IntegrationTests-Editor.csproj", "{adc5e753-e040-516f-4d61-40a64d6045a0}"
EndProject
Project("{FAE04EC0-301F-11D3-BF4B-00C04F79EFBC}") = "SimpleUi", "SimpleUi.csproj", "{8ab5e18c-869e-f554-0a44-23a4e4c68437}"
EndProject
Project("{FAE04EC0-301F-11D3-BF4B-00C04F79EFBC}") = "AppsFlyer", "AppsFlyer.csproj", "{57ec2642-ec99-190d-e566-2ce2af4ec97c}"
EndProject
Project("{FAE04EC0-301F-11D3-BF4B-00C04F79EFBC}") = "Leopotam.Ecs", "Leopotam.Ecs.csproj", "{771cdd38-ae9a-9f7b-74f9-0b3b8eae02c9}"
EndProject
Project("{FAE04EC0-301F-11D3-BF4B-00C04F79EFBC}") = "PathCreator", "PathCreator.csproj", "{929e974f-f643-01b9-fdca-8b67789c2637}"
EndProject
Project("{FAE04EC0-301F-11D3-BF4B-00C04F79EFBC}") = "UniRx.Examples", "UniRx.Examples.csproj", "{42650d6a-ed00-73f2-17ba-3db1fa84e712}"
EndProject
Project("{FAE04EC0-301F-11D3-BF4B-00C04F79EFBC}") = "NavMeshComponents", "NavMeshComponents.csproj", "{effc7daa-aca3-06cd-75f9-c34063e9787a}"
EndProject
Project("{FAE04EC0-301F-11D3-BF4B-00C04F79EFBC}") = "Leopotam.Ecs.Threads", "Leopotam.Ecs.Threads.csproj", "{46d25524-3d08-b712-c082-38081e20be7c}"
EndProject
Project("{FAE04EC0-301F-11D3-BF4B-00C04F79EFBC}") = "Zenject-PoolMonitor-Editor", "Zenject-PoolMonitor-Editor.csproj", "{6980c681-b681-833b-55eb-b6e0cb7d1112}"
EndProject
Project("{FAE04EC0-301F-11D3-BF4B-00C04F79EFBC}") = "Zenject-UnitTests-Editor", "Zenject-UnitTests-Editor.csproj", "{fba97e97-5388-2384-0c0f-7d4107ff584d}"
EndProject
Project("{FAE04EC0-301F-11D3-BF4B-00C04F79EFBC}") = "SimpleUiEditor", "SimpleUiEditor.csproj", "{7d17b0c9-c1fe-8cb5-1052-c9008d486296}"
EndProject
Project("{FAE04EC0-301F-11D3-BF4B-00C04F79EFBC}") = "Assembly-CSharp-Editor", "Assembly-CSharp-Editor.csproj", "{804719f8-9bbe-71c0-7d72-1164ffd7504b}"
EndProject
Project("{FAE04EC0-301F-11D3-BF4B-00C04F79EFBC}") = "Zenject-ReflectionBaking-Editor", "Zenject-ReflectionBaking-Editor.csproj", "{4877a39b-7051-c6ca-8a07-15bb3602d10f}"
EndProject
Project("{FAE04EC0-301F-11D3-BF4B-00C04F79EFBC}") = "Leopotam.Ecs.UnityIntegration.Editor", "Leopotam.Ecs.UnityIntegration.Editor.csproj", "{d2bb2fa5-f1bd-9254-f4e7-cfece2064350}"
EndProject
Project("{FAE04EC0-301F-11D3-BF4B-00C04F79EFBC}") = "Assembly-CSharp-Editor-firstpass", "Assembly-CSharp-Editor-firstpass.csproj", "{d50985b3-2563-b4b6-6844-1d34ad28481e}"
EndProject
Project("{FAE04EC0-301F-11D3-BF4B-00C04F79EFBC}") = "Zenject-TestFramework", "Zenject-TestFramework.csproj", "{895f00c1-c340-3600-2834-85988d10e54d}"
EndProject
Project("{FAE04EC0-301F-11D3-BF4B-00C04F79EFBC}") = "PathCreatorEditor", "PathCreatorEditor.csproj", "{4844e521-49fe-0e50-5077-974915a3616e}"
EndProject
Project("{FAE04EC0-301F-11D3-BF4B-00C04F79EFBC}") = "Zenject-Editor", "Zenject-Editor.csproj", "{3949b643-4f79-fbde-631a-7d1c366187cc}"
EndProject
Project("{FAE04EC0-301F-11D3-BF4B-00C04F79EFBC}") = "NavMeshComponentsEditor", "NavMeshComponentsEditor.csproj", "{0308b239-e13d-3d33-ab59-aa78d20fbd01}"
EndProject
Project("{FAE04EC0-301F-11D3-BF4B-00C04F79EFBC}") = "AppsFlyer.Editor", "AppsFlyer.Editor.csproj", "{849300cf-a1fa-e5bd-aade-05f163199080}"
EndProject
Project("{FAE04EC0-301F-11D3-BF4B-00C04F79EFBC}") = "Leopotam.Ecs.UnityIntegration", "Leopotam.Ecs.UnityIntegration.csproj", "{bf9f51ed-f28d-f25d-5501-d24269577684}"
EndProject
Global
	GlobalSection(SolutionConfigurationPlatforms) = preSolution
		Debug|Any CPU = Debug|Any CPU
		Release|Any CPU = Release|Any CPU
	EndGlobalSection
	GlobalSection(ProjectConfigurationPlatforms) = postSolution
		{53cb097f-80cf-2cad-42f7-81156ddcb9e4}.Debug|Any CPU.ActiveCfg = Debug|Any CPU
		{53cb097f-80cf-2cad-42f7-81156ddcb9e4}.Debug|Any CPU.Build.0 = Debug|Any CPU
		{53cb097f-80cf-2cad-42f7-81156ddcb9e4}.Release|Any CPU.ActiveCfg = Release|Any CPU
		{53cb097f-80cf-2cad-42f7-81156ddcb9e4}.Release|Any CPU.Build.0 = Release|Any CPU
		{67d5f1cc-b762-6930-e7dd-03bbf74d2810}.Debug|Any CPU.ActiveCfg = Debug|Any CPU
		{67d5f1cc-b762-6930-e7dd-03bbf74d2810}.Debug|Any CPU.Build.0 = Debug|Any CPU
		{67d5f1cc-b762-6930-e7dd-03bbf74d2810}.Release|Any CPU.ActiveCfg = Release|Any CPU
		{67d5f1cc-b762-6930-e7dd-03bbf74d2810}.Release|Any CPU.Build.0 = Release|Any CPU
		{1b2da323-7785-e63b-375c-be35c7cad0b2}.Debug|Any CPU.ActiveCfg = Debug|Any CPU
		{1b2da323-7785-e63b-375c-be35c7cad0b2}.Debug|Any CPU.Build.0 = Debug|Any CPU
		{1b2da323-7785-e63b-375c-be35c7cad0b2}.Release|Any CPU.ActiveCfg = Release|Any CPU
		{1b2da323-7785-e63b-375c-be35c7cad0b2}.Release|Any CPU.Build.0 = Release|Any CPU
		{32888bb7-e0f4-3814-8c76-6dd40a959263}.Debug|Any CPU.ActiveCfg = Debug|Any CPU
		{32888bb7-e0f4-3814-8c76-6dd40a959263}.Debug|Any CPU.Build.0 = Debug|Any CPU
		{32888bb7-e0f4-3814-8c76-6dd40a959263}.Release|Any CPU.ActiveCfg = Release|Any CPU
		{32888bb7-e0f4-3814-8c76-6dd40a959263}.Release|Any CPU.Build.0 = Release|Any CPU
		{3b3e5489-3b92-7835-9207-1a22c20b5866}.Debug|Any CPU.ActiveCfg = Debug|Any CPU
		{3b3e5489-3b92-7835-9207-1a22c20b5866}.Debug|Any CPU.Build.0 = Debug|Any CPU
		{3b3e5489-3b92-7835-9207-1a22c20b5866}.Release|Any CPU.ActiveCfg = Release|Any CPU
		{3b3e5489-3b92-7835-9207-1a22c20b5866}.Release|Any CPU.Build.0 = Release|Any CPU
		{1f913c95-4dcd-0c22-d4b7-26e7b9252235}.Debug|Any CPU.ActiveCfg = Debug|Any CPU
		{1f913c95-4dcd-0c22-d4b7-26e7b9252235}.Debug|Any CPU.Build.0 = Debug|Any CPU
		{1f913c95-4dcd-0c22-d4b7-26e7b9252235}.Release|Any CPU.ActiveCfg = Release|Any CPU
		{1f913c95-4dcd-0c22-d4b7-26e7b9252235}.Release|Any CPU.Build.0 = Release|Any CPU
		{adc5e753-e040-516f-4d61-40a64d6045a0}.Debug|Any CPU.ActiveCfg = Debug|Any CPU
		{adc5e753-e040-516f-4d61-40a64d6045a0}.Debug|Any CPU.Build.0 = Debug|Any CPU
		{adc5e753-e040-516f-4d61-40a64d6045a0}.Release|Any CPU.ActiveCfg = Release|Any CPU
		{adc5e753-e040-516f-4d61-40a64d6045a0}.Release|Any CPU.Build.0 = Release|Any CPU
		{8ab5e18c-869e-f554-0a44-23a4e4c68437}.Debug|Any CPU.ActiveCfg = Debug|Any CPU
		{8ab5e18c-869e-f554-0a44-23a4e4c68437}.Debug|Any CPU.Build.0 = Debug|Any CPU
		{8ab5e18c-869e-f554-0a44-23a4e4c68437}.Release|Any CPU.ActiveCfg = Release|Any CPU
		{8ab5e18c-869e-f554-0a44-23a4e4c68437}.Release|Any CPU.Build.0 = Release|Any CPU
		{57ec2642-ec99-190d-e566-2ce2af4ec97c}.Debug|Any CPU.ActiveCfg = Debug|Any CPU
		{57ec2642-ec99-190d-e566-2ce2af4ec97c}.Debug|Any CPU.Build.0 = Debug|Any CPU
		{57ec2642-ec99-190d-e566-2ce2af4ec97c}.Release|Any CPU.ActiveCfg = Release|Any CPU
		{57ec2642-ec99-190d-e566-2ce2af4ec97c}.Release|Any CPU.Build.0 = Release|Any CPU
		{771cdd38-ae9a-9f7b-74f9-0b3b8eae02c9}.Debug|Any CPU.ActiveCfg = Debug|Any CPU
		{771cdd38-ae9a-9f7b-74f9-0b3b8eae02c9}.Debug|Any CPU.Build.0 = Debug|Any CPU
		{771cdd38-ae9a-9f7b-74f9-0b3b8eae02c9}.Release|Any CPU.ActiveCfg = Release|Any CPU
		{771cdd38-ae9a-9f7b-74f9-0b3b8eae02c9}.Release|Any CPU.Build.0 = Release|Any CPU
		{929e974f-f643-01b9-fdca-8b67789c2637}.Debug|Any CPU.ActiveCfg = Debug|Any CPU
		{929e974f-f643-01b9-fdca-8b67789c2637}.Debug|Any CPU.Build.0 = Debug|Any CPU
		{929e974f-f643-01b9-fdca-8b67789c2637}.Release|Any CPU.ActiveCfg = Release|Any CPU
		{929e974f-f643-01b9-fdca-8b67789c2637}.Release|Any CPU.Build.0 = Release|Any CPU
		{42650d6a-ed00-73f2-17ba-3db1fa84e712}.Debug|Any CPU.ActiveCfg = Debug|Any CPU
		{42650d6a-ed00-73f2-17ba-3db1fa84e712}.Debug|Any CPU.Build.0 = Debug|Any CPU
		{42650d6a-ed00-73f2-17ba-3db1fa84e712}.Release|Any CPU.ActiveCfg = Release|Any CPU
		{42650d6a-ed00-73f2-17ba-3db1fa84e712}.Release|Any CPU.Build.0 = Release|Any CPU
		{effc7daa-aca3-06cd-75f9-c34063e9787a}.Debug|Any CPU.ActiveCfg = Debug|Any CPU
		{effc7daa-aca3-06cd-75f9-c34063e9787a}.Debug|Any CPU.Build.0 = Debug|Any CPU
		{effc7daa-aca3-06cd-75f9-c34063e9787a}.Release|Any CPU.ActiveCfg = Release|Any CPU
		{effc7daa-aca3-06cd-75f9-c34063e9787a}.Release|Any CPU.Build.0 = Release|Any CPU
		{46d25524-3d08-b712-c082-38081e20be7c}.Debug|Any CPU.ActiveCfg = Debug|Any CPU
		{46d25524-3d08-b712-c082-38081e20be7c}.Debug|Any CPU.Build.0 = Debug|Any CPU
		{46d25524-3d08-b712-c082-38081e20be7c}.Release|Any CPU.ActiveCfg = Release|Any CPU
		{46d25524-3d08-b712-c082-38081e20be7c}.Release|Any CPU.Build.0 = Release|Any CPU
		{6980c681-b681-833b-55eb-b6e0cb7d1112}.Debug|Any CPU.ActiveCfg = Debug|Any CPU
		{6980c681-b681-833b-55eb-b6e0cb7d1112}.Debug|Any CPU.Build.0 = Debug|Any CPU
		{6980c681-b681-833b-55eb-b6e0cb7d1112}.Release|Any CPU.ActiveCfg = Release|Any CPU
		{6980c681-b681-833b-55eb-b6e0cb7d1112}.Release|Any CPU.Build.0 = Release|Any CPU
		{fba97e97-5388-2384-0c0f-7d4107ff584d}.Debug|Any CPU.ActiveCfg = Debug|Any CPU
		{fba97e97-5388-2384-0c0f-7d4107ff584d}.Debug|Any CPU.Build.0 = Debug|Any CPU
		{fba97e97-5388-2384-0c0f-7d4107ff584d}.Release|Any CPU.ActiveCfg = Release|Any CPU
		{fba97e97-5388-2384-0c0f-7d4107ff584d}.Release|Any CPU.Build.0 = Release|Any CPU
		{7d17b0c9-c1fe-8cb5-1052-c9008d486296}.Debug|Any CPU.ActiveCfg = Debug|Any CPU
		{7d17b0c9-c1fe-8cb5-1052-c9008d486296}.Debug|Any CPU.Build.0 = Debug|Any CPU
		{7d17b0c9-c1fe-8cb5-1052-c9008d486296}.Release|Any CPU.ActiveCfg = Release|Any CPU
		{7d17b0c9-c1fe-8cb5-1052-c9008d486296}.Release|Any CPU.Build.0 = Release|Any CPU
		{804719f8-9bbe-71c0-7d72-1164ffd7504b}.Debug|Any CPU.ActiveCfg = Debug|Any CPU
		{804719f8-9bbe-71c0-7d72-1164ffd7504b}.Debug|Any CPU.Build.0 = Debug|Any CPU
		{804719f8-9bbe-71c0-7d72-1164ffd7504b}.Release|Any CPU.ActiveCfg = Release|Any CPU
		{804719f8-9bbe-71c0-7d72-1164ffd7504b}.Release|Any CPU.Build.0 = Release|Any CPU
		{4877a39b-7051-c6ca-8a07-15bb3602d10f}.Debug|Any CPU.ActiveCfg = Debug|Any CPU
		{4877a39b-7051-c6ca-8a07-15bb3602d10f}.Debug|Any CPU.Build.0 = Debug|Any CPU
		{4877a39b-7051-c6ca-8a07-15bb3602d10f}.Release|Any CPU.ActiveCfg = Release|Any CPU
		{4877a39b-7051-c6ca-8a07-15bb3602d10f}.Release|Any CPU.Build.0 = Release|Any CPU
		{d2bb2fa5-f1bd-9254-f4e7-cfece2064350}.Debug|Any CPU.ActiveCfg = Debug|Any CPU
		{d2bb2fa5-f1bd-9254-f4e7-cfece2064350}.Debug|Any CPU.Build.0 = Debug|Any CPU
		{d2bb2fa5-f1bd-9254-f4e7-cfece2064350}.Release|Any CPU.ActiveCfg = Release|Any CPU
		{d2bb2fa5-f1bd-9254-f4e7-cfece2064350}.Release|Any CPU.Build.0 = Release|Any CPU
		{d50985b3-2563-b4b6-6844-1d34ad28481e}.Debug|Any CPU.ActiveCfg = Debug|Any CPU
		{d50985b3-2563-b4b6-6844-1d34ad28481e}.Debug|Any CPU.Build.0 = Debug|Any CPU
		{d50985b3-2563-b4b6-6844-1d34ad28481e}.Release|Any CPU.ActiveCfg = Release|Any CPU
		{d50985b3-2563-b4b6-6844-1d34ad28481e}.Release|Any CPU.Build.0 = Release|Any CPU
		{895f00c1-c340-3600-2834-85988d10e54d}.Debug|Any CPU.ActiveCfg = Debug|Any CPU
		{895f00c1-c340-3600-2834-85988d10e54d}.Debug|Any CPU.Build.0 = Debug|Any CPU
		{895f00c1-c340-3600-2834-85988d10e54d}.Release|Any CPU.ActiveCfg = Release|Any CPU
		{895f00c1-c340-3600-2834-85988d10e54d}.Release|Any CPU.Build.0 = Release|Any CPU
		{4844e521-49fe-0e50-5077-974915a3616e}.Debug|Any CPU.ActiveCfg = Debug|Any CPU
		{4844e521-49fe-0e50-5077-974915a3616e}.Debug|Any CPU.Build.0 = Debug|Any CPU
		{4844e521-49fe-0e50-5077-974915a3616e}.Release|Any CPU.ActiveCfg = Release|Any CPU
		{4844e521-49fe-0e50-5077-974915a3616e}.Release|Any CPU.Build.0 = Release|Any CPU
		{3949b643-4f79-fbde-631a-7d1c366187cc}.Debug|Any CPU.ActiveCfg = Debug|Any CPU
		{3949b643-4f79-fbde-631a-7d1c366187cc}.Debug|Any CPU.Build.0 = Debug|Any CPU
		{3949b643-4f79-fbde-631a-7d1c366187cc}.Release|Any CPU.ActiveCfg = Release|Any CPU
		{3949b643-4f79-fbde-631a-7d1c366187cc}.Release|Any CPU.Build.0 = Release|Any CPU
		{0308b239-e13d-3d33-ab59-aa78d20fbd01}.Debug|Any CPU.ActiveCfg = Debug|Any CPU
		{0308b239-e13d-3d33-ab59-aa78d20fbd01}.Debug|Any CPU.Build.0 = Debug|Any CPU
		{0308b239-e13d-3d33-ab59-aa78d20fbd01}.Release|Any CPU.ActiveCfg = Release|Any CPU
		{0308b239-e13d-3d33-ab59-aa78d20fbd01}.Release|Any CPU.Build.0 = Release|Any CPU
		{849300cf-a1fa-e5bd-aade-05f163199080}.Debug|Any CPU.ActiveCfg = Debug|Any CPU
		{849300cf-a1fa-e5bd-aade-05f163199080}.Debug|Any CPU.Build.0 = Debug|Any CPU
		{849300cf-a1fa-e5bd-aade-05f163199080}.Release|Any CPU.ActiveCfg = Release|Any CPU
		{849300cf-a1fa-e5bd-aade-05f163199080}.Release|Any CPU.Build.0 = Release|Any CPU
		{bf9f51ed-f28d-f25d-5501-d24269577684}.Debug|Any CPU.ActiveCfg = Debug|Any CPU
		{bf9f51ed-f28d-f25d-5501-d24269577684}.Debug|Any CPU.Build.0 = Debug|Any CPU
		{bf9f51ed-f28d-f25d-5501-d24269577684}.Release|Any CPU.ActiveCfg = Release|Any CPU
		{bf9f51ed-f28d-f25d-5501-d24269577684}.Release|Any CPU.Build.0 = Release|Any CPU
	EndGlobalSection
	GlobalSection(SolutionProperties) = preSolution
		HideSolutionNode = FALSE
	EndGlobalSection
EndGlobal
