
Microsoft Visual Studio Solution File, Format Version 11.00
# Visual Studio 2010
Project("{FAE04EC0-301F-11D3-BF4B-00C04F79EFBC}") = "Zenject", "Zenject.csproj", "{cefb901b-ec09-8220-2329-d816a85b200a}"
EndProject
Project("{FAE04EC0-301F-11D3-BF4B-00C04F79EFBC}") = "pdutils", "pdutils.csproj", "{2f055c3e-7e7f-d699-4a0d-45ac785d8465}"
EndProject
Project("{FAE04EC0-301F-11D3-BF4B-00C04F79EFBC}") = "Assembly-CSharp", "Assembly-CSharp.csproj", "{e19ca063-46f2-7782-6357-a6557979646c}"
EndProject
Project("{FAE04EC0-301F-11D3-BF4B-00C04F79EFBC}") = "UniRx", "UniRx.csproj", "{f921f107-ce04-01e2-7011-ad0b4616e7f3}"
EndProject
Project("{FAE04EC0-301F-11D3-BF4B-00C04F79EFBC}") = "Assembly-CSharp-firstpass", "Assembly-CSharp-firstpass.csproj", "{e62e9e38-5c73-0b8d-36f9-1acdb0ce8bbb}"
EndProject
Project("{FAE04EC0-301F-11D3-BF4B-00C04F79EFBC}") = "Zenject-IntegrationTests", "Zenject-IntegrationTests.csproj", "{9ccd1cec-769e-4d25-9cab-4b77d3bc9b19}"
EndProject
Project("{FAE04EC0-301F-11D3-BF4B-00C04F79EFBC}") = "Zenject-IntegrationTests-Editor", "Zenject-IntegrationTests-Editor.csproj", "{0eb4fbee-05a9-7d04-1237-bb6b012d5324}"
EndProject
Project("{FAE04EC0-301F-11D3-BF4B-00C04F79EFBC}") = "SimpleUi", "SimpleUi.csproj", "{82021518-1c54-e08b-8e2b-58f66b865e42}"
EndProject
Project("{FAE04EC0-301F-11D3-BF4B-00C04F79EFBC}") = "AppsFlyer", "AppsFlyer.csproj", "{60db0fc7-d750-8ad2-373d-b2b822ff6a0e}"
EndProject
Project("{FAE04EC0-301F-11D3-BF4B-00C04F79EFBC}") = "Leopotam.Ecs", "Leopotam.Ecs.csproj", "{a9b48f5b-beea-daca-3826-caf473f7d741}"
EndProject
Project("{FAE04EC0-301F-11D3-BF4B-00C04F79EFBC}") = "CFXRDemo", "CFXRDemo.csproj", "{79887851-731f-577d-5492-3f4eef9b400e}"
EndProject
Project("{FAE04EC0-301F-11D3-BF4B-00C04F79EFBC}") = "PathCreator", "PathCreator.csproj", "{ccb8ebc6-8313-3e23-ce8d-bc2a55461ff3}"
EndProject
Project("{FAE04EC0-301F-11D3-BF4B-00C04F79EFBC}") = "CFXRRuntime", "CFXRRuntime.csproj", "{93bd6083-9c41-1146-c1b8-b070ddfffcbd}"
EndProject
Project("{FAE04EC0-301F-11D3-BF4B-00C04F79EFBC}") = "UniRx.Examples", "UniRx.Examples.csproj", "{1b3f5508-0d33-a974-7b82-80d4324554aa}"
EndProject
Project("{FAE04EC0-301F-11D3-BF4B-00C04F79EFBC}") = "NavMeshComponents", "NavMeshComponents.csproj", "{69dc38fa-2da6-b0ed-c548-ea21b8df4bb8}"
EndProject
Project("{FAE04EC0-301F-11D3-BF4B-00C04F79EFBC}") = "Leopotam.Ecs.Threads", "Leopotam.Ecs.Threads.csproj", "{d810ed92-8177-b9c1-7068-e8a1c8fb70e5}"
EndProject
Project("{FAE04EC0-301F-11D3-BF4B-00C04F79EFBC}") = "Zenject-PoolMonitor-Editor", "Zenject-PoolMonitor-Editor.csproj", "{fe2023e7-c161-f77b-4749-ade742ddadcd}"
EndProject
Project("{FAE04EC0-301F-11D3-BF4B-00C04F79EFBC}") = "Zenject-UnitTests-Editor", "Zenject-UnitTests-Editor.csproj", "{baacaccb-c6e6-ad3b-f52b-8b41f3e1d229}"
EndProject
Project("{FAE04EC0-301F-11D3-BF4B-00C04F79EFBC}") = "SimpleUiEditor", "SimpleUiEditor.csproj", "{a10bb2cd-9b71-4e98-a6c4-d51c80c09bc3}"
EndProject
Project("{FAE04EC0-301F-11D3-BF4B-00C04F79EFBC}") = "Assembly-CSharp-Editor", "Assembly-CSharp-Editor.csproj", "{8cad7c50-ebbe-d5c0-6522-86378a1cac1a}"
EndProject
Project("{FAE04EC0-301F-11D3-BF4B-00C04F79EFBC}") = "Zenject-ReflectionBaking-Editor", "Zenject-ReflectionBaking-Editor.csproj", "{335bff96-6f92-7b66-e534-deeb52fa2b5a}"
EndProject
Project("{FAE04EC0-301F-11D3-BF4B-00C04F79EFBC}") = "Leopotam.Ecs.UnityIntegration.Editor", "Leopotam.Ecs.UnityIntegration.Editor.csproj", "{a2d8e00d-ed05-daed-07cb-9d0275717a43}"
EndProject
Project("{FAE04EC0-301F-11D3-BF4B-00C04F79EFBC}") = "Assembly-CSharp-Editor-firstpass", "Assembly-CSharp-Editor-firstpass.csproj", "{2248030a-d979-02bb-2784-7bda09186cd9}"
EndProject
Project("{FAE04EC0-301F-11D3-BF4B-00C04F79EFBC}") = "CFXREditor", "CFXREditor.csproj", "{d30826a1-41b9-e94a-aad0-fa21fd8c7e35}"
EndProject
Project("{FAE04EC0-301F-11D3-BF4B-00C04F79EFBC}") = "Zenject-TestFramework", "Zenject-TestFramework.csproj", "{b8c37b9d-0971-30a9-3241-867e496ed5bd}"
EndProject
Project("{FAE04EC0-301F-11D3-BF4B-00C04F79EFBC}") = "PathCreatorEditor", "PathCreatorEditor.csproj", "{d9915e93-13ca-23f9-8328-48cf1091e41e}"
EndProject
Project("{FAE04EC0-301F-11D3-BF4B-00C04F79EFBC}") = "Zenject-Editor", "Zenject-Editor.csproj", "{f377d990-79b2-9f21-5bc1-7158da2bbcd9}"
EndProject
Project("{FAE04EC0-301F-11D3-BF4B-00C04F79EFBC}") = "NavMeshComponentsEditor", "NavMeshComponentsEditor.csproj", "{0924e758-755b-b143-d5a7-c5e0a0b5e717}"
EndProject
Project("{FAE04EC0-301F-11D3-BF4B-00C04F79EFBC}") = "CFXRDemoEditor", "CFXRDemoEditor.csproj", "{767a0d88-0d93-f8d2-175b-c1cd2da6a872}"
EndProject
Project("{FAE04EC0-301F-11D3-BF4B-00C04F79EFBC}") = "AppsFlyer.Editor", "AppsFlyer.Editor.csproj", "{eefc21eb-0004-2241-6be8-9d503c0848a8}"
EndProject
Project("{FAE04EC0-301F-11D3-BF4B-00C04F79EFBC}") = "Leopotam.Ecs.UnityIntegration", "Leopotam.Ecs.UnityIntegration.csproj", "{b51b79a6-45ad-c01c-aace-29bfb4242d32}"
EndProject
Global
	GlobalSection(SolutionConfigurationPlatforms) = preSolution
		Debug|Any CPU = Debug|Any CPU
		Release|Any CPU = Release|Any CPU
	EndGlobalSection
	GlobalSection(ProjectConfigurationPlatforms) = postSolution
		{cefb901b-ec09-8220-2329-d816a85b200a}.Debug|Any CPU.ActiveCfg = Debug|Any CPU
		{cefb901b-ec09-8220-2329-d816a85b200a}.Debug|Any CPU.Build.0 = Debug|Any CPU
		{cefb901b-ec09-8220-2329-d816a85b200a}.Release|Any CPU.ActiveCfg = Release|Any CPU
		{cefb901b-ec09-8220-2329-d816a85b200a}.Release|Any CPU.Build.0 = Release|Any CPU
		{2f055c3e-7e7f-d699-4a0d-45ac785d8465}.Debug|Any CPU.ActiveCfg = Debug|Any CPU
		{2f055c3e-7e7f-d699-4a0d-45ac785d8465}.Debug|Any CPU.Build.0 = Debug|Any CPU
		{2f055c3e-7e7f-d699-4a0d-45ac785d8465}.Release|Any CPU.ActiveCfg = Release|Any CPU
		{2f055c3e-7e7f-d699-4a0d-45ac785d8465}.Release|Any CPU.Build.0 = Release|Any CPU
		{e19ca063-46f2-7782-6357-a6557979646c}.Debug|Any CPU.ActiveCfg = Debug|Any CPU
		{e19ca063-46f2-7782-6357-a6557979646c}.Debug|Any CPU.Build.0 = Debug|Any CPU
		{e19ca063-46f2-7782-6357-a6557979646c}.Release|Any CPU.ActiveCfg = Release|Any CPU
		{e19ca063-46f2-7782-6357-a6557979646c}.Release|Any CPU.Build.0 = Release|Any CPU
		{f921f107-ce04-01e2-7011-ad0b4616e7f3}.Debug|Any CPU.ActiveCfg = Debug|Any CPU
		{f921f107-ce04-01e2-7011-ad0b4616e7f3}.Debug|Any CPU.Build.0 = Debug|Any CPU
		{f921f107-ce04-01e2-7011-ad0b4616e7f3}.Release|Any CPU.ActiveCfg = Release|Any CPU
		{f921f107-ce04-01e2-7011-ad0b4616e7f3}.Release|Any CPU.Build.0 = Release|Any CPU
		{e62e9e38-5c73-0b8d-36f9-1acdb0ce8bbb}.Debug|Any CPU.ActiveCfg = Debug|Any CPU
		{e62e9e38-5c73-0b8d-36f9-1acdb0ce8bbb}.Debug|Any CPU.Build.0 = Debug|Any CPU
		{e62e9e38-5c73-0b8d-36f9-1acdb0ce8bbb}.Release|Any CPU.ActiveCfg = Release|Any CPU
		{e62e9e38-5c73-0b8d-36f9-1acdb0ce8bbb}.Release|Any CPU.Build.0 = Release|Any CPU
		{9ccd1cec-769e-4d25-9cab-4b77d3bc9b19}.Debug|Any CPU.ActiveCfg = Debug|Any CPU
		{9ccd1cec-769e-4d25-9cab-4b77d3bc9b19}.Debug|Any CPU.Build.0 = Debug|Any CPU
		{9ccd1cec-769e-4d25-9cab-4b77d3bc9b19}.Release|Any CPU.ActiveCfg = Release|Any CPU
		{9ccd1cec-769e-4d25-9cab-4b77d3bc9b19}.Release|Any CPU.Build.0 = Release|Any CPU
		{0eb4fbee-05a9-7d04-1237-bb6b012d5324}.Debug|Any CPU.ActiveCfg = Debug|Any CPU
		{0eb4fbee-05a9-7d04-1237-bb6b012d5324}.Debug|Any CPU.Build.0 = Debug|Any CPU
		{0eb4fbee-05a9-7d04-1237-bb6b012d5324}.Release|Any CPU.ActiveCfg = Release|Any CPU
		{0eb4fbee-05a9-7d04-1237-bb6b012d5324}.Release|Any CPU.Build.0 = Release|Any CPU
		{82021518-1c54-e08b-8e2b-58f66b865e42}.Debug|Any CPU.ActiveCfg = Debug|Any CPU
		{82021518-1c54-e08b-8e2b-58f66b865e42}.Debug|Any CPU.Build.0 = Debug|Any CPU
		{82021518-1c54-e08b-8e2b-58f66b865e42}.Release|Any CPU.ActiveCfg = Release|Any CPU
		{82021518-1c54-e08b-8e2b-58f66b865e42}.Release|Any CPU.Build.0 = Release|Any CPU
		{60db0fc7-d750-8ad2-373d-b2b822ff6a0e}.Debug|Any CPU.ActiveCfg = Debug|Any CPU
		{60db0fc7-d750-8ad2-373d-b2b822ff6a0e}.Debug|Any CPU.Build.0 = Debug|Any CPU
		{60db0fc7-d750-8ad2-373d-b2b822ff6a0e}.Release|Any CPU.ActiveCfg = Release|Any CPU
		{60db0fc7-d750-8ad2-373d-b2b822ff6a0e}.Release|Any CPU.Build.0 = Release|Any CPU
		{a9b48f5b-beea-daca-3826-caf473f7d741}.Debug|Any CPU.ActiveCfg = Debug|Any CPU
		{a9b48f5b-beea-daca-3826-caf473f7d741}.Debug|Any CPU.Build.0 = Debug|Any CPU
		{a9b48f5b-beea-daca-3826-caf473f7d741}.Release|Any CPU.ActiveCfg = Release|Any CPU
		{a9b48f5b-beea-daca-3826-caf473f7d741}.Release|Any CPU.Build.0 = Release|Any CPU
		{79887851-731f-577d-5492-3f4eef9b400e}.Debug|Any CPU.ActiveCfg = Debug|Any CPU
		{79887851-731f-577d-5492-3f4eef9b400e}.Debug|Any CPU.Build.0 = Debug|Any CPU
		{79887851-731f-577d-5492-3f4eef9b400e}.Release|Any CPU.ActiveCfg = Release|Any CPU
		{79887851-731f-577d-5492-3f4eef9b400e}.Release|Any CPU.Build.0 = Release|Any CPU
		{ccb8ebc6-8313-3e23-ce8d-bc2a55461ff3}.Debug|Any CPU.ActiveCfg = Debug|Any CPU
		{ccb8ebc6-8313-3e23-ce8d-bc2a55461ff3}.Debug|Any CPU.Build.0 = Debug|Any CPU
		{ccb8ebc6-8313-3e23-ce8d-bc2a55461ff3}.Release|Any CPU.ActiveCfg = Release|Any CPU
		{ccb8ebc6-8313-3e23-ce8d-bc2a55461ff3}.Release|Any CPU.Build.0 = Release|Any CPU
		{93bd6083-9c41-1146-c1b8-b070ddfffcbd}.Debug|Any CPU.ActiveCfg = Debug|Any CPU
		{93bd6083-9c41-1146-c1b8-b070ddfffcbd}.Debug|Any CPU.Build.0 = Debug|Any CPU
		{93bd6083-9c41-1146-c1b8-b070ddfffcbd}.Release|Any CPU.ActiveCfg = Release|Any CPU
		{93bd6083-9c41-1146-c1b8-b070ddfffcbd}.Release|Any CPU.Build.0 = Release|Any CPU
		{1b3f5508-0d33-a974-7b82-80d4324554aa}.Debug|Any CPU.ActiveCfg = Debug|Any CPU
		{1b3f5508-0d33-a974-7b82-80d4324554aa}.Debug|Any CPU.Build.0 = Debug|Any CPU
		{1b3f5508-0d33-a974-7b82-80d4324554aa}.Release|Any CPU.ActiveCfg = Release|Any CPU
		{1b3f5508-0d33-a974-7b82-80d4324554aa}.Release|Any CPU.Build.0 = Release|Any CPU
		{69dc38fa-2da6-b0ed-c548-ea21b8df4bb8}.Debug|Any CPU.ActiveCfg = Debug|Any CPU
		{69dc38fa-2da6-b0ed-c548-ea21b8df4bb8}.Debug|Any CPU.Build.0 = Debug|Any CPU
		{69dc38fa-2da6-b0ed-c548-ea21b8df4bb8}.Release|Any CPU.ActiveCfg = Release|Any CPU
		{69dc38fa-2da6-b0ed-c548-ea21b8df4bb8}.Release|Any CPU.Build.0 = Release|Any CPU
		{d810ed92-8177-b9c1-7068-e8a1c8fb70e5}.Debug|Any CPU.ActiveCfg = Debug|Any CPU
		{d810ed92-8177-b9c1-7068-e8a1c8fb70e5}.Debug|Any CPU.Build.0 = Debug|Any CPU
		{d810ed92-8177-b9c1-7068-e8a1c8fb70e5}.Release|Any CPU.ActiveCfg = Release|Any CPU
		{d810ed92-8177-b9c1-7068-e8a1c8fb70e5}.Release|Any CPU.Build.0 = Release|Any CPU
		{fe2023e7-c161-f77b-4749-ade742ddadcd}.Debug|Any CPU.ActiveCfg = Debug|Any CPU
		{fe2023e7-c161-f77b-4749-ade742ddadcd}.Debug|Any CPU.Build.0 = Debug|Any CPU
		{fe2023e7-c161-f77b-4749-ade742ddadcd}.Release|Any CPU.ActiveCfg = Release|Any CPU
		{fe2023e7-c161-f77b-4749-ade742ddadcd}.Release|Any CPU.Build.0 = Release|Any CPU
		{baacaccb-c6e6-ad3b-f52b-8b41f3e1d229}.Debug|Any CPU.ActiveCfg = Debug|Any CPU
		{baacaccb-c6e6-ad3b-f52b-8b41f3e1d229}.Debug|Any CPU.Build.0 = Debug|Any CPU
		{baacaccb-c6e6-ad3b-f52b-8b41f3e1d229}.Release|Any CPU.ActiveCfg = Release|Any CPU
		{baacaccb-c6e6-ad3b-f52b-8b41f3e1d229}.Release|Any CPU.Build.0 = Release|Any CPU
		{a10bb2cd-9b71-4e98-a6c4-d51c80c09bc3}.Debug|Any CPU.ActiveCfg = Debug|Any CPU
		{a10bb2cd-9b71-4e98-a6c4-d51c80c09bc3}.Debug|Any CPU.Build.0 = Debug|Any CPU
		{a10bb2cd-9b71-4e98-a6c4-d51c80c09bc3}.Release|Any CPU.ActiveCfg = Release|Any CPU
		{a10bb2cd-9b71-4e98-a6c4-d51c80c09bc3}.Release|Any CPU.Build.0 = Release|Any CPU
		{8cad7c50-ebbe-d5c0-6522-86378a1cac1a}.Debug|Any CPU.ActiveCfg = Debug|Any CPU
		{8cad7c50-ebbe-d5c0-6522-86378a1cac1a}.Debug|Any CPU.Build.0 = Debug|Any CPU
		{8cad7c50-ebbe-d5c0-6522-86378a1cac1a}.Release|Any CPU.ActiveCfg = Release|Any CPU
		{8cad7c50-ebbe-d5c0-6522-86378a1cac1a}.Release|Any CPU.Build.0 = Release|Any CPU
		{335bff96-6f92-7b66-e534-deeb52fa2b5a}.Debug|Any CPU.ActiveCfg = Debug|Any CPU
		{335bff96-6f92-7b66-e534-deeb52fa2b5a}.Debug|Any CPU.Build.0 = Debug|Any CPU
		{335bff96-6f92-7b66-e534-deeb52fa2b5a}.Release|Any CPU.ActiveCfg = Release|Any CPU
		{335bff96-6f92-7b66-e534-deeb52fa2b5a}.Release|Any CPU.Build.0 = Release|Any CPU
		{a2d8e00d-ed05-daed-07cb-9d0275717a43}.Debug|Any CPU.ActiveCfg = Debug|Any CPU
		{a2d8e00d-ed05-daed-07cb-9d0275717a43}.Debug|Any CPU.Build.0 = Debug|Any CPU
		{a2d8e00d-ed05-daed-07cb-9d0275717a43}.Release|Any CPU.ActiveCfg = Release|Any CPU
		{a2d8e00d-ed05-daed-07cb-9d0275717a43}.Release|Any CPU.Build.0 = Release|Any CPU
		{2248030a-d979-02bb-2784-7bda09186cd9}.Debug|Any CPU.ActiveCfg = Debug|Any CPU
		{2248030a-d979-02bb-2784-7bda09186cd9}.Debug|Any CPU.Build.0 = Debug|Any CPU
		{2248030a-d979-02bb-2784-7bda09186cd9}.Release|Any CPU.ActiveCfg = Release|Any CPU
		{2248030a-d979-02bb-2784-7bda09186cd9}.Release|Any CPU.Build.0 = Release|Any CPU
		{d30826a1-41b9-e94a-aad0-fa21fd8c7e35}.Debug|Any CPU.ActiveCfg = Debug|Any CPU
		{d30826a1-41b9-e94a-aad0-fa21fd8c7e35}.Debug|Any CPU.Build.0 = Debug|Any CPU
		{d30826a1-41b9-e94a-aad0-fa21fd8c7e35}.Release|Any CPU.ActiveCfg = Release|Any CPU
		{d30826a1-41b9-e94a-aad0-fa21fd8c7e35}.Release|Any CPU.Build.0 = Release|Any CPU
		{b8c37b9d-0971-30a9-3241-867e496ed5bd}.Debug|Any CPU.ActiveCfg = Debug|Any CPU
		{b8c37b9d-0971-30a9-3241-867e496ed5bd}.Debug|Any CPU.Build.0 = Debug|Any CPU
		{b8c37b9d-0971-30a9-3241-867e496ed5bd}.Release|Any CPU.ActiveCfg = Release|Any CPU
		{b8c37b9d-0971-30a9-3241-867e496ed5bd}.Release|Any CPU.Build.0 = Release|Any CPU
		{d9915e93-13ca-23f9-8328-48cf1091e41e}.Debug|Any CPU.ActiveCfg = Debug|Any CPU
		{d9915e93-13ca-23f9-8328-48cf1091e41e}.Debug|Any CPU.Build.0 = Debug|Any CPU
		{d9915e93-13ca-23f9-8328-48cf1091e41e}.Release|Any CPU.ActiveCfg = Release|Any CPU
		{d9915e93-13ca-23f9-8328-48cf1091e41e}.Release|Any CPU.Build.0 = Release|Any CPU
		{f377d990-79b2-9f21-5bc1-7158da2bbcd9}.Debug|Any CPU.ActiveCfg = Debug|Any CPU
		{f377d990-79b2-9f21-5bc1-7158da2bbcd9}.Debug|Any CPU.Build.0 = Debug|Any CPU
		{f377d990-79b2-9f21-5bc1-7158da2bbcd9}.Release|Any CPU.ActiveCfg = Release|Any CPU
		{f377d990-79b2-9f21-5bc1-7158da2bbcd9}.Release|Any CPU.Build.0 = Release|Any CPU
		{0924e758-755b-b143-d5a7-c5e0a0b5e717}.Debug|Any CPU.ActiveCfg = Debug|Any CPU
		{0924e758-755b-b143-d5a7-c5e0a0b5e717}.Debug|Any CPU.Build.0 = Debug|Any CPU
		{0924e758-755b-b143-d5a7-c5e0a0b5e717}.Release|Any CPU.ActiveCfg = Release|Any CPU
		{0924e758-755b-b143-d5a7-c5e0a0b5e717}.Release|Any CPU.Build.0 = Release|Any CPU
		{767a0d88-0d93-f8d2-175b-c1cd2da6a872}.Debug|Any CPU.ActiveCfg = Debug|Any CPU
		{767a0d88-0d93-f8d2-175b-c1cd2da6a872}.Debug|Any CPU.Build.0 = Debug|Any CPU
		{767a0d88-0d93-f8d2-175b-c1cd2da6a872}.Release|Any CPU.ActiveCfg = Release|Any CPU
		{767a0d88-0d93-f8d2-175b-c1cd2da6a872}.Release|Any CPU.Build.0 = Release|Any CPU
		{eefc21eb-0004-2241-6be8-9d503c0848a8}.Debug|Any CPU.ActiveCfg = Debug|Any CPU
		{eefc21eb-0004-2241-6be8-9d503c0848a8}.Debug|Any CPU.Build.0 = Debug|Any CPU
		{eefc21eb-0004-2241-6be8-9d503c0848a8}.Release|Any CPU.ActiveCfg = Release|Any CPU
		{eefc21eb-0004-2241-6be8-9d503c0848a8}.Release|Any CPU.Build.0 = Release|Any CPU
		{b51b79a6-45ad-c01c-aace-29bfb4242d32}.Debug|Any CPU.ActiveCfg = Debug|Any CPU
		{b51b79a6-45ad-c01c-aace-29bfb4242d32}.Debug|Any CPU.Build.0 = Debug|Any CPU
		{b51b79a6-45ad-c01c-aace-29bfb4242d32}.Release|Any CPU.ActiveCfg = Release|Any CPU
		{b51b79a6-45ad-c01c-aace-29bfb4242d32}.Release|Any CPU.Build.0 = Release|Any CPU
	EndGlobalSection
	GlobalSection(SolutionProperties) = preSolution
		HideSolutionNode = FALSE
	EndGlobalSection
EndGlobal
