
Microsoft Visual Studio Solution File, Format Version 11.00
# Visual Studio 2010
Project("{FAE04EC0-301F-11D3-BF4B-00C04F79EFBC}") = "Zenject", "Zenject.csproj", "{d1a99373-6402-8543-77ed-50de235e6b67}"
EndProject
Project("{FAE04EC0-301F-11D3-BF4B-00C04F79EFBC}") = "pdutils", "pdutils.csproj", "{31410c7c-f668-efb6-03f1-e6f4a2809ad1}"
EndProject
Project("{FAE04EC0-301F-11D3-BF4B-00C04F79EFBC}") = "Assembly-CSharp", "Assembly-CSharp.csproj", "{616dc519-8e17-5304-c3ba-4bb49f77293d}"
EndProject
Project("{FAE04EC0-301F-11D3-BF4B-00C04F79EFBC}") = "UniRx", "UniRx.csproj", "{eec5dac5-a648-5416-e1ac-1752496809a5}"
EndProject
Project("{FAE04EC0-301F-11D3-BF4B-00C04F79EFBC}") = "Assembly-CSharp-firstpass", "Assembly-CSharp-firstpass.csproj", "{d1ac3439-b4b2-ade5-0ad5-41facb912630}"
EndProject
Project("{FAE04EC0-301F-11D3-BF4B-00C04F79EFBC}") = "Zenject-IntegrationTests", "Zenject-IntegrationTests.csproj", "{f3854254-fa32-e506-b399-d73391b973bd}"
EndProject
Project("{FAE04EC0-301F-11D3-BF4B-00C04F79EFBC}") = "Zenject-IntegrationTests-Editor", "Zenject-IntegrationTests-Editor.csproj", "{09892396-dced-1461-4dcb-c1685f88d195}"
EndProject
Project("{FAE04EC0-301F-11D3-BF4B-00C04F79EFBC}") = "SimpleUi", "SimpleUi.csproj", "{1b3c15d8-d89f-ae51-e23d-be6b94e5e593}"
EndProject
Project("{FAE04EC0-301F-11D3-BF4B-00C04F79EFBC}") = "AppsFlyer", "AppsFlyer.csproj", "{daf69f8a-53f0-d727-68dc-3f8b747d6966}"
EndProject
Project("{FAE04EC0-301F-11D3-BF4B-00C04F79EFBC}") = "Leopotam.Ecs", "Leopotam.Ecs.csproj", "{f35598cc-a8f5-4241-92a4-c39ccaaea9c7}"
EndProject
Project("{FAE04EC0-301F-11D3-BF4B-00C04F79EFBC}") = "CFXRDemo", "CFXRDemo.csproj", "{03796357-74c2-6091-61b5-57784d77fd30}"
EndProject
Project("{FAE04EC0-301F-11D3-BF4B-00C04F79EFBC}") = "PathCreator", "PathCreator.csproj", "{ee32e64b-c206-ac82-e4bd-17797e2de49b}"
EndProject
Project("{FAE04EC0-301F-11D3-BF4B-00C04F79EFBC}") = "CFXRRuntime", "CFXRRuntime.csproj", "{92942f7d-d539-5e6f-ee3c-de152f647a3f}"
EndProject
Project("{FAE04EC0-301F-11D3-BF4B-00C04F79EFBC}") = "UniRx.Examples", "UniRx.Examples.csproj", "{16816331-a84c-5936-91b8-ac3ab121c312}"
EndProject
Project("{FAE04EC0-301F-11D3-BF4B-00C04F79EFBC}") = "NavMeshComponents", "NavMeshComponents.csproj", "{951a669b-48b0-54a5-1819-023529a90a43}"
EndProject
Project("{FAE04EC0-301F-11D3-BF4B-00C04F79EFBC}") = "Leopotam.Ecs.Threads", "Leopotam.Ecs.Threads.csproj", "{d579778f-5e62-eea5-f655-ad94ecf09f6d}"
EndProject
Project("{FAE04EC0-301F-11D3-BF4B-00C04F79EFBC}") = "Zenject-PoolMonitor-Editor", "Zenject-PoolMonitor-Editor.csproj", "{0d3f0c3f-5669-e3e4-f411-f4fbe5f6ae7a}"
EndProject
Project("{FAE04EC0-301F-11D3-BF4B-00C04F79EFBC}") = "Zenject-UnitTests-Editor", "Zenject-UnitTests-Editor.csproj", "{b9733453-aeb3-9a80-ea18-baeda0f201b9}"
EndProject
Project("{FAE04EC0-301F-11D3-BF4B-00C04F79EFBC}") = "SimpleUiEditor", "SimpleUiEditor.csproj", "{7e6094e6-b530-2e5e-c217-4c2644831e50}"
EndProject
Project("{FAE04EC0-301F-11D3-BF4B-00C04F79EFBC}") = "Assembly-CSharp-Editor", "Assembly-CSharp-Editor.csproj", "{e4431a85-31c7-2d33-4eb4-2dbb795b240b}"
EndProject
Project("{FAE04EC0-301F-11D3-BF4B-00C04F79EFBC}") = "Zenject-ReflectionBaking-Editor", "Zenject-ReflectionBaking-Editor.csproj", "{4e5d278d-08be-f4e1-0763-3a0ee8297096}"
EndProject
Project("{FAE04EC0-301F-11D3-BF4B-00C04F79EFBC}") = "Leopotam.Ecs.UnityIntegration.Editor", "Leopotam.Ecs.UnityIntegration.Editor.csproj", "{0d48004e-b952-7ab2-5dd1-a149f49f9bcd}"
EndProject
Project("{FAE04EC0-301F-11D3-BF4B-00C04F79EFBC}") = "Assembly-CSharp-Editor-firstpass", "Assembly-CSharp-Editor-firstpass.csproj", "{3fcce001-b59a-c973-fdd9-841f563f50a7}"
EndProject
Project("{FAE04EC0-301F-11D3-BF4B-00C04F79EFBC}") = "CFXREditor", "CFXREditor.csproj", "{da464365-320d-e434-27c0-7e44c467cb29}"
EndProject
Project("{FAE04EC0-301F-11D3-BF4B-00C04F79EFBC}") = "Zenject-TestFramework", "Zenject-TestFramework.csproj", "{2fe74e54-b67a-e14f-4bd9-358bfccb6026}"
EndProject
Project("{FAE04EC0-301F-11D3-BF4B-00C04F79EFBC}") = "PathCreatorEditor", "PathCreatorEditor.csproj", "{81a0d81f-677d-2d80-505d-fa2fc47650d2}"
EndProject
Project("{FAE04EC0-301F-11D3-BF4B-00C04F79EFBC}") = "Zenject-Editor", "Zenject-Editor.csproj", "{7d933055-3481-f0ab-9457-7d796e610aa0}"
EndProject
Project("{FAE04EC0-301F-11D3-BF4B-00C04F79EFBC}") = "NavMeshComponentsEditor", "NavMeshComponentsEditor.csproj", "{70499b74-d2b0-fd80-e777-1fc9bfbdbe7e}"
EndProject
Project("{FAE04EC0-301F-11D3-BF4B-00C04F79EFBC}") = "CFXRDemoEditor", "CFXRDemoEditor.csproj", "{218139cd-195d-abce-9783-89bdbc6ee042}"
EndProject
Project("{FAE04EC0-301F-11D3-BF4B-00C04F79EFBC}") = "AppsFlyer.Editor", "AppsFlyer.Editor.csproj", "{4ae40f6f-740c-ad50-361e-732067669f78}"
EndProject
Project("{FAE04EC0-301F-11D3-BF4B-00C04F79EFBC}") = "Leopotam.Ecs.UnityIntegration", "Leopotam.Ecs.UnityIntegration.csproj", "{225ab8d6-2d8e-88f7-a9de-f40f645df6f2}"
EndProject
Global
	GlobalSection(SolutionConfigurationPlatforms) = preSolution
		Debug|Any CPU = Debug|Any CPU
		Release|Any CPU = Release|Any CPU
	EndGlobalSection
	GlobalSection(ProjectConfigurationPlatforms) = postSolution
		{d1a99373-6402-8543-77ed-50de235e6b67}.Debug|Any CPU.ActiveCfg = Debug|Any CPU
		{d1a99373-6402-8543-77ed-50de235e6b67}.Debug|Any CPU.Build.0 = Debug|Any CPU
		{d1a99373-6402-8543-77ed-50de235e6b67}.Release|Any CPU.ActiveCfg = Release|Any CPU
		{d1a99373-6402-8543-77ed-50de235e6b67}.Release|Any CPU.Build.0 = Release|Any CPU
		{31410c7c-f668-efb6-03f1-e6f4a2809ad1}.Debug|Any CPU.ActiveCfg = Debug|Any CPU
		{31410c7c-f668-efb6-03f1-e6f4a2809ad1}.Debug|Any CPU.Build.0 = Debug|Any CPU
		{31410c7c-f668-efb6-03f1-e6f4a2809ad1}.Release|Any CPU.ActiveCfg = Release|Any CPU
		{31410c7c-f668-efb6-03f1-e6f4a2809ad1}.Release|Any CPU.Build.0 = Release|Any CPU
		{616dc519-8e17-5304-c3ba-4bb49f77293d}.Debug|Any CPU.ActiveCfg = Debug|Any CPU
		{616dc519-8e17-5304-c3ba-4bb49f77293d}.Debug|Any CPU.Build.0 = Debug|Any CPU
		{616dc519-8e17-5304-c3ba-4bb49f77293d}.Release|Any CPU.ActiveCfg = Release|Any CPU
		{616dc519-8e17-5304-c3ba-4bb49f77293d}.Release|Any CPU.Build.0 = Release|Any CPU
		{eec5dac5-a648-5416-e1ac-1752496809a5}.Debug|Any CPU.ActiveCfg = Debug|Any CPU
		{eec5dac5-a648-5416-e1ac-1752496809a5}.Debug|Any CPU.Build.0 = Debug|Any CPU
		{eec5dac5-a648-5416-e1ac-1752496809a5}.Release|Any CPU.ActiveCfg = Release|Any CPU
		{eec5dac5-a648-5416-e1ac-1752496809a5}.Release|Any CPU.Build.0 = Release|Any CPU
		{d1ac3439-b4b2-ade5-0ad5-41facb912630}.Debug|Any CPU.ActiveCfg = Debug|Any CPU
		{d1ac3439-b4b2-ade5-0ad5-41facb912630}.Debug|Any CPU.Build.0 = Debug|Any CPU
		{d1ac3439-b4b2-ade5-0ad5-41facb912630}.Release|Any CPU.ActiveCfg = Release|Any CPU
		{d1ac3439-b4b2-ade5-0ad5-41facb912630}.Release|Any CPU.Build.0 = Release|Any CPU
		{f3854254-fa32-e506-b399-d73391b973bd}.Debug|Any CPU.ActiveCfg = Debug|Any CPU
		{f3854254-fa32-e506-b399-d73391b973bd}.Debug|Any CPU.Build.0 = Debug|Any CPU
		{f3854254-fa32-e506-b399-d73391b973bd}.Release|Any CPU.ActiveCfg = Release|Any CPU
		{f3854254-fa32-e506-b399-d73391b973bd}.Release|Any CPU.Build.0 = Release|Any CPU
		{09892396-dced-1461-4dcb-c1685f88d195}.Debug|Any CPU.ActiveCfg = Debug|Any CPU
		{09892396-dced-1461-4dcb-c1685f88d195}.Debug|Any CPU.Build.0 = Debug|Any CPU
		{09892396-dced-1461-4dcb-c1685f88d195}.Release|Any CPU.ActiveCfg = Release|Any CPU
		{09892396-dced-1461-4dcb-c1685f88d195}.Release|Any CPU.Build.0 = Release|Any CPU
		{1b3c15d8-d89f-ae51-e23d-be6b94e5e593}.Debug|Any CPU.ActiveCfg = Debug|Any CPU
		{1b3c15d8-d89f-ae51-e23d-be6b94e5e593}.Debug|Any CPU.Build.0 = Debug|Any CPU
		{1b3c15d8-d89f-ae51-e23d-be6b94e5e593}.Release|Any CPU.ActiveCfg = Release|Any CPU
		{1b3c15d8-d89f-ae51-e23d-be6b94e5e593}.Release|Any CPU.Build.0 = Release|Any CPU
		{daf69f8a-53f0-d727-68dc-3f8b747d6966}.Debug|Any CPU.ActiveCfg = Debug|Any CPU
		{daf69f8a-53f0-d727-68dc-3f8b747d6966}.Debug|Any CPU.Build.0 = Debug|Any CPU
		{daf69f8a-53f0-d727-68dc-3f8b747d6966}.Release|Any CPU.ActiveCfg = Release|Any CPU
		{daf69f8a-53f0-d727-68dc-3f8b747d6966}.Release|Any CPU.Build.0 = Release|Any CPU
		{f35598cc-a8f5-4241-92a4-c39ccaaea9c7}.Debug|Any CPU.ActiveCfg = Debug|Any CPU
		{f35598cc-a8f5-4241-92a4-c39ccaaea9c7}.Debug|Any CPU.Build.0 = Debug|Any CPU
		{f35598cc-a8f5-4241-92a4-c39ccaaea9c7}.Release|Any CPU.ActiveCfg = Release|Any CPU
		{f35598cc-a8f5-4241-92a4-c39ccaaea9c7}.Release|Any CPU.Build.0 = Release|Any CPU
		{03796357-74c2-6091-61b5-57784d77fd30}.Debug|Any CPU.ActiveCfg = Debug|Any CPU
		{03796357-74c2-6091-61b5-57784d77fd30}.Debug|Any CPU.Build.0 = Debug|Any CPU
		{03796357-74c2-6091-61b5-57784d77fd30}.Release|Any CPU.ActiveCfg = Release|Any CPU
		{03796357-74c2-6091-61b5-57784d77fd30}.Release|Any CPU.Build.0 = Release|Any CPU
		{ee32e64b-c206-ac82-e4bd-17797e2de49b}.Debug|Any CPU.ActiveCfg = Debug|Any CPU
		{ee32e64b-c206-ac82-e4bd-17797e2de49b}.Debug|Any CPU.Build.0 = Debug|Any CPU
		{ee32e64b-c206-ac82-e4bd-17797e2de49b}.Release|Any CPU.ActiveCfg = Release|Any CPU
		{ee32e64b-c206-ac82-e4bd-17797e2de49b}.Release|Any CPU.Build.0 = Release|Any CPU
		{92942f7d-d539-5e6f-ee3c-de152f647a3f}.Debug|Any CPU.ActiveCfg = Debug|Any CPU
		{92942f7d-d539-5e6f-ee3c-de152f647a3f}.Debug|Any CPU.Build.0 = Debug|Any CPU
		{92942f7d-d539-5e6f-ee3c-de152f647a3f}.Release|Any CPU.ActiveCfg = Release|Any CPU
		{92942f7d-d539-5e6f-ee3c-de152f647a3f}.Release|Any CPU.Build.0 = Release|Any CPU
		{16816331-a84c-5936-91b8-ac3ab121c312}.Debug|Any CPU.ActiveCfg = Debug|Any CPU
		{16816331-a84c-5936-91b8-ac3ab121c312}.Debug|Any CPU.Build.0 = Debug|Any CPU
		{16816331-a84c-5936-91b8-ac3ab121c312}.Release|Any CPU.ActiveCfg = Release|Any CPU
		{16816331-a84c-5936-91b8-ac3ab121c312}.Release|Any CPU.Build.0 = Release|Any CPU
		{951a669b-48b0-54a5-1819-023529a90a43}.Debug|Any CPU.ActiveCfg = Debug|Any CPU
		{951a669b-48b0-54a5-1819-023529a90a43}.Debug|Any CPU.Build.0 = Debug|Any CPU
		{951a669b-48b0-54a5-1819-023529a90a43}.Release|Any CPU.ActiveCfg = Release|Any CPU
		{951a669b-48b0-54a5-1819-023529a90a43}.Release|Any CPU.Build.0 = Release|Any CPU
		{d579778f-5e62-eea5-f655-ad94ecf09f6d}.Debug|Any CPU.ActiveCfg = Debug|Any CPU
		{d579778f-5e62-eea5-f655-ad94ecf09f6d}.Debug|Any CPU.Build.0 = Debug|Any CPU
		{d579778f-5e62-eea5-f655-ad94ecf09f6d}.Release|Any CPU.ActiveCfg = Release|Any CPU
		{d579778f-5e62-eea5-f655-ad94ecf09f6d}.Release|Any CPU.Build.0 = Release|Any CPU
		{0d3f0c3f-5669-e3e4-f411-f4fbe5f6ae7a}.Debug|Any CPU.ActiveCfg = Debug|Any CPU
		{0d3f0c3f-5669-e3e4-f411-f4fbe5f6ae7a}.Debug|Any CPU.Build.0 = Debug|Any CPU
		{0d3f0c3f-5669-e3e4-f411-f4fbe5f6ae7a}.Release|Any CPU.ActiveCfg = Release|Any CPU
		{0d3f0c3f-5669-e3e4-f411-f4fbe5f6ae7a}.Release|Any CPU.Build.0 = Release|Any CPU
		{b9733453-aeb3-9a80-ea18-baeda0f201b9}.Debug|Any CPU.ActiveCfg = Debug|Any CPU
		{b9733453-aeb3-9a80-ea18-baeda0f201b9}.Debug|Any CPU.Build.0 = Debug|Any CPU
		{b9733453-aeb3-9a80-ea18-baeda0f201b9}.Release|Any CPU.ActiveCfg = Release|Any CPU
		{b9733453-aeb3-9a80-ea18-baeda0f201b9}.Release|Any CPU.Build.0 = Release|Any CPU
		{7e6094e6-b530-2e5e-c217-4c2644831e50}.Debug|Any CPU.ActiveCfg = Debug|Any CPU
		{7e6094e6-b530-2e5e-c217-4c2644831e50}.Debug|Any CPU.Build.0 = Debug|Any CPU
		{7e6094e6-b530-2e5e-c217-4c2644831e50}.Release|Any CPU.ActiveCfg = Release|Any CPU
		{7e6094e6-b530-2e5e-c217-4c2644831e50}.Release|Any CPU.Build.0 = Release|Any CPU
		{e4431a85-31c7-2d33-4eb4-2dbb795b240b}.Debug|Any CPU.ActiveCfg = Debug|Any CPU
		{e4431a85-31c7-2d33-4eb4-2dbb795b240b}.Debug|Any CPU.Build.0 = Debug|Any CPU
		{e4431a85-31c7-2d33-4eb4-2dbb795b240b}.Release|Any CPU.ActiveCfg = Release|Any CPU
		{e4431a85-31c7-2d33-4eb4-2dbb795b240b}.Release|Any CPU.Build.0 = Release|Any CPU
		{4e5d278d-08be-f4e1-0763-3a0ee8297096}.Debug|Any CPU.ActiveCfg = Debug|Any CPU
		{4e5d278d-08be-f4e1-0763-3a0ee8297096}.Debug|Any CPU.Build.0 = Debug|Any CPU
		{4e5d278d-08be-f4e1-0763-3a0ee8297096}.Release|Any CPU.ActiveCfg = Release|Any CPU
		{4e5d278d-08be-f4e1-0763-3a0ee8297096}.Release|Any CPU.Build.0 = Release|Any CPU
		{0d48004e-b952-7ab2-5dd1-a149f49f9bcd}.Debug|Any CPU.ActiveCfg = Debug|Any CPU
		{0d48004e-b952-7ab2-5dd1-a149f49f9bcd}.Debug|Any CPU.Build.0 = Debug|Any CPU
		{0d48004e-b952-7ab2-5dd1-a149f49f9bcd}.Release|Any CPU.ActiveCfg = Release|Any CPU
		{0d48004e-b952-7ab2-5dd1-a149f49f9bcd}.Release|Any CPU.Build.0 = Release|Any CPU
		{3fcce001-b59a-c973-fdd9-841f563f50a7}.Debug|Any CPU.ActiveCfg = Debug|Any CPU
		{3fcce001-b59a-c973-fdd9-841f563f50a7}.Debug|Any CPU.Build.0 = Debug|Any CPU
		{3fcce001-b59a-c973-fdd9-841f563f50a7}.Release|Any CPU.ActiveCfg = Release|Any CPU
		{3fcce001-b59a-c973-fdd9-841f563f50a7}.Release|Any CPU.Build.0 = Release|Any CPU
		{da464365-320d-e434-27c0-7e44c467cb29}.Debug|Any CPU.ActiveCfg = Debug|Any CPU
		{da464365-320d-e434-27c0-7e44c467cb29}.Debug|Any CPU.Build.0 = Debug|Any CPU
		{da464365-320d-e434-27c0-7e44c467cb29}.Release|Any CPU.ActiveCfg = Release|Any CPU
		{da464365-320d-e434-27c0-7e44c467cb29}.Release|Any CPU.Build.0 = Release|Any CPU
		{2fe74e54-b67a-e14f-4bd9-358bfccb6026}.Debug|Any CPU.ActiveCfg = Debug|Any CPU
		{2fe74e54-b67a-e14f-4bd9-358bfccb6026}.Debug|Any CPU.Build.0 = Debug|Any CPU
		{2fe74e54-b67a-e14f-4bd9-358bfccb6026}.Release|Any CPU.ActiveCfg = Release|Any CPU
		{2fe74e54-b67a-e14f-4bd9-358bfccb6026}.Release|Any CPU.Build.0 = Release|Any CPU
		{81a0d81f-677d-2d80-505d-fa2fc47650d2}.Debug|Any CPU.ActiveCfg = Debug|Any CPU
		{81a0d81f-677d-2d80-505d-fa2fc47650d2}.Debug|Any CPU.Build.0 = Debug|Any CPU
		{81a0d81f-677d-2d80-505d-fa2fc47650d2}.Release|Any CPU.ActiveCfg = Release|Any CPU
		{81a0d81f-677d-2d80-505d-fa2fc47650d2}.Release|Any CPU.Build.0 = Release|Any CPU
		{7d933055-3481-f0ab-9457-7d796e610aa0}.Debug|Any CPU.ActiveCfg = Debug|Any CPU
		{7d933055-3481-f0ab-9457-7d796e610aa0}.Debug|Any CPU.Build.0 = Debug|Any CPU
		{7d933055-3481-f0ab-9457-7d796e610aa0}.Release|Any CPU.ActiveCfg = Release|Any CPU
		{7d933055-3481-f0ab-9457-7d796e610aa0}.Release|Any CPU.Build.0 = Release|Any CPU
		{70499b74-d2b0-fd80-e777-1fc9bfbdbe7e}.Debug|Any CPU.ActiveCfg = Debug|Any CPU
		{70499b74-d2b0-fd80-e777-1fc9bfbdbe7e}.Debug|Any CPU.Build.0 = Debug|Any CPU
		{70499b74-d2b0-fd80-e777-1fc9bfbdbe7e}.Release|Any CPU.ActiveCfg = Release|Any CPU
		{70499b74-d2b0-fd80-e777-1fc9bfbdbe7e}.Release|Any CPU.Build.0 = Release|Any CPU
		{218139cd-195d-abce-9783-89bdbc6ee042}.Debug|Any CPU.ActiveCfg = Debug|Any CPU
		{218139cd-195d-abce-9783-89bdbc6ee042}.Debug|Any CPU.Build.0 = Debug|Any CPU
		{218139cd-195d-abce-9783-89bdbc6ee042}.Release|Any CPU.ActiveCfg = Release|Any CPU
		{218139cd-195d-abce-9783-89bdbc6ee042}.Release|Any CPU.Build.0 = Release|Any CPU
		{4ae40f6f-740c-ad50-361e-732067669f78}.Debug|Any CPU.ActiveCfg = Debug|Any CPU
		{4ae40f6f-740c-ad50-361e-732067669f78}.Debug|Any CPU.Build.0 = Debug|Any CPU
		{4ae40f6f-740c-ad50-361e-732067669f78}.Release|Any CPU.ActiveCfg = Release|Any CPU
		{4ae40f6f-740c-ad50-361e-732067669f78}.Release|Any CPU.Build.0 = Release|Any CPU
		{225ab8d6-2d8e-88f7-a9de-f40f645df6f2}.Debug|Any CPU.ActiveCfg = Debug|Any CPU
		{225ab8d6-2d8e-88f7-a9de-f40f645df6f2}.Debug|Any CPU.Build.0 = Debug|Any CPU
		{225ab8d6-2d8e-88f7-a9de-f40f645df6f2}.Release|Any CPU.ActiveCfg = Release|Any CPU
		{225ab8d6-2d8e-88f7-a9de-f40f645df6f2}.Release|Any CPU.Build.0 = Release|Any CPU
	EndGlobalSection
	GlobalSection(SolutionProperties) = preSolution
		HideSolutionNode = FALSE
	EndGlobalSection
EndGlobal
